PODS:
  - Alamofire (4.9.1)
  - BlueSocket (1.0.52)
  - BlueSSLService (1.0.52):
    - BlueSocket (~> 1.0.52)
  - Keychain (0.3.1)
  - Moya (13.0.1):
    - Moya/Core (= 13.0.1)
  - Moya/Core (13.0.1):
    - Alamofire (~> 4.1)
    - Result (~> 4.1)
  - PostgresClientKit (1.1.1):
    - BlueSocket (~> 1.0)
    - BlueSSLService (~> 1.0)
  - Result (4.1.0)
  - RxSwift (5.0.1)
  - SwiftyJSON (5.0.0)

DEPENDENCIES:
  - Alamofire
  - Keychain
  - Moya
  - PostgresClientKit
  - RxSwift
  - SwiftyJSON

SPEC REPOS:
  trunk:
    - Alamofire
    - BlueSocket
    - BlueSSLService
    - Keychain
    - Moya
    - PostgresClientKit
    - Result
    - RxSwift
    - SwiftyJSON

SPEC CHECKSUMS:
  Alamofire: 85e8a02c69d6020a0d734f6054870d7ecb75cf18
  BlueSocket: 1acd943acb07b55905291d608649fcfbf8cbd57d
  BlueSSLService: b791a3db95b841973c44870f59bbf94628845b58
  Keychain: ef812eafcf6593fe4409b07cfecc00b95fb373ed
  Moya: f4a4b80ff2f8a4ffc208dfb31cd91636622fee6e
  PostgresClientKit: 2137fe1d0f553aca00283474b28816ec88462071
  Result: bd966fac789cc6c1563440b348ab2598cc24d5c7
  RxSwift: e2dc62b366a3adf6a0be44ba9f405efd4c94e0c4
  SwiftyJSON: 36413e04c44ee145039d332b4f4e2d3e8d6c4db7

PODFILE CHECKSUM: 9095de898d5e4293659e531a6f22544363cad954

COCOAPODS: 1.8.4
